
Microsoft Visual Studio Solution File, Format Version 12.00
Project("{2150E333-8FDC-42A3-9474-1A3956D46DE8}") = "src", "src", "{2E9A32B7-AA99-44AB-98DC-1F3FD89D1282}"
EndProject
Project("{2150E333-8FDC-42A3-9474-1A3956D46DE8}") = "tests", "tests", "{4CCCD045-38DC-47A6-BFFD-551B9105810A}"
EndProject
Project("{FAE04EC0-301F-11D3-BF4B-00C04F79EFBC}") = "NoSqlRepositories", "src\NoSqlRepositories\NoSqlRepositories.csproj", "{D069EACD-675A-46B1-B2D8-025A19056BF2}"
EndProject
Project("{FAE04EC0-301F-11D3-BF4B-00C04F79EFBC}") = "IntegrationTests", "tests\IntegrationTests\IntegrationTests.csproj", "{075E8B50-0444-4AE3-9180-1FACBCC4C62B}"
EndProject
Global
	GlobalSection(SolutionConfigurationPlatforms) = preSolution
		Debug|Any CPU = Debug|Any CPU
		Release|Any CPU = Release|Any CPU
	EndGlobalSection
	GlobalSection(ProjectConfigurationPlatforms) = postSolution
		{D069EACD-675A-46B1-B2D8-025A19056BF2}.Debug|Any CPU.ActiveCfg = Debug|Any CPU
		{D069EACD-675A-46B1-B2D8-025A19056BF2}.Debug|Any CPU.Build.0 = Debug|Any CPU
		{D069EACD-675A-46B1-B2D8-025A19056BF2}.Release|Any CPU.ActiveCfg = Release|Any CPU
		{D069EACD-675A-46B1-B2D8-025A19056BF2}.Release|Any CPU.Build.0 = Release|Any CPU
		{075E8B50-0444-4AE3-9180-1FACBCC4C62B}.Debug|Any CPU.ActiveCfg = Debug|Any CPU
		{075E8B50-0444-4AE3-9180-1FACBCC4C62B}.Debug|Any CPU.Build.0 = Debug|Any CPU
		{075E8B50-0444-4AE3-9180-1FACBCC4C62B}.Release|Any CPU.ActiveCfg = Release|Any CPU
		{075E8B50-0444-4AE3-9180-1FACBCC4C62B}.Release|Any CPU.Build.0 = Release|Any CPU
	EndGlobalSection
	GlobalSection(NestedProjects) = preSolution
		{D069EACD-675A-46B1-B2D8-025A19056BF2} = {2E9A32B7-AA99-44AB-98DC-1F3FD89D1282}
		{075E8B50-0444-4AE3-9180-1FACBCC4C62B} = {4CCCD045-38DC-47A6-BFFD-551B9105810A}
	EndGlobalSection
EndGlobal
